
Microsoft Visual Studio Solution File, Format Version 12.00
# Visual Studio Version 16
VisualStudioVersion = 16.0.30320.27
MinimumVisualStudioVersion = 10.0.40219.1
Project("{2150E333-8FDC-42A3-9474-1A3956D46DE8}") = "1.1- Camada de Apresentação", "1.1- Camada de Apresentação", "{B1E86D23-04AF-4CD3-A75A-B439873DCC01}"
EndProject
Project("{FAE04EC0-301F-11D3-BF4B-00C04F79EFBC}") = "Projeto.Apresentation", "Projeto.Apresentation\Projeto.Apresentation.csproj", "{C12C1ADE-2ACC-42B2-A002-5A95EB07BAB6}"
EndProject
Project("{2150E333-8FDC-42A3-9474-1A3956D46DE8}") = "0- Modelagem de entidades", "0- Modelagem de entidades", "{63D8A432-BFC5-4CCC-BF37-EF01F23990D9}"
EndProject
Project("{FAE04EC0-301F-11D3-BF4B-00C04F79EFBC}") = "Projeto.Entities", "Projeto.Entities\Projeto.Entities.csproj", "{4B138273-BD5F-4783-8D0F-5918E8E42776}"
EndProject
Project("{2150E333-8FDC-42A3-9474-1A3956D46DE8}") = "1.2- Camada de Servico", "1.2- Camada de Servico", "{6DC69C1C-C3EC-4A7B-9730-09CA00878721}"
EndProject
Global
	GlobalSection(SolutionConfigurationPlatforms) = preSolution
		Debug|Any CPU = Debug|Any CPU
		Release|Any CPU = Release|Any CPU
	EndGlobalSection
	GlobalSection(ProjectConfigurationPlatforms) = postSolution
		{C12C1ADE-2ACC-42B2-A002-5A95EB07BAB6}.Debug|Any CPU.ActiveCfg = Debug|Any CPU
		{C12C1ADE-2ACC-42B2-A002-5A95EB07BAB6}.Debug|Any CPU.Build.0 = Debug|Any CPU
		{C12C1ADE-2ACC-42B2-A002-5A95EB07BAB6}.Release|Any CPU.ActiveCfg = Release|Any CPU
		{C12C1ADE-2ACC-42B2-A002-5A95EB07BAB6}.Release|Any CPU.Build.0 = Release|Any CPU
		{4B138273-BD5F-4783-8D0F-5918E8E42776}.Debug|Any CPU.ActiveCfg = Debug|Any CPU
		{4B138273-BD5F-4783-8D0F-5918E8E42776}.Debug|Any CPU.Build.0 = Debug|Any CPU
		{4B138273-BD5F-4783-8D0F-5918E8E42776}.Release|Any CPU.ActiveCfg = Release|Any CPU
		{4B138273-BD5F-4783-8D0F-5918E8E42776}.Release|Any CPU.Build.0 = Release|Any CPU
	EndGlobalSection
	GlobalSection(SolutionProperties) = preSolution
		HideSolutionNode = FALSE
	EndGlobalSection
	GlobalSection(NestedProjects) = preSolution
		{C12C1ADE-2ACC-42B2-A002-5A95EB07BAB6} = {B1E86D23-04AF-4CD3-A75A-B439873DCC01}
		{4B138273-BD5F-4783-8D0F-5918E8E42776} = {63D8A432-BFC5-4CCC-BF37-EF01F23990D9}
	EndGlobalSection
	GlobalSection(ExtensibilityGlobals) = postSolution
		SolutionGuid = {E672BF5C-4ECF-46E0-A74E-EB6A81829E1E}
	EndGlobalSection
EndGlobal
